
Microsoft Visual Studio Solution File, Format Version 12.00
# Visual Studio 14
VisualStudioVersion = 14.0.25420.1
MinimumVisualStudioVersion = 10.0.40219.1
Project("{FAE04EC0-301F-11D3-BF4B-00C04F79EFBC}") = "XamarinXaml", "XamarinXaml\XamarinXaml\XamarinXaml.csproj", "{2F2964B4-4C45-4579-9516-E83019EC3AB2}"
EndProject
Project("{FAE04EC0-301F-11D3-BF4B-00C04F79EFBC}") = "XamarinXaml.Droid", "XamarinXaml\XamarinXaml.Droid\XamarinXaml.Droid.csproj", "{BAFC0E4D-B7D5-4818-98F6-56D75BC58761}"
EndProject
Project("{FAE04EC0-301F-11D3-BF4B-00C04F79EFBC}") = "XamarinXaml.iOS", "XamarinXaml\XamarinXaml.iOS\XamarinXaml.iOS.csproj", "{72E8B263-861F-4D43-8E01-A8CA0E4CF3BA}"
EndProject
Project("{FAE04EC0-301F-11D3-BF4B-00C04F79EFBC}") = "XamarinXaml.UWP", "XamarinXaml\XamarinXaml.UWP\XamarinXaml.UWP.csproj", "{44A500C2-20E2-4950-90DE-AE8710108DC2}"
EndProject
Project("{FAE04EC0-301F-11D3-BF4B-00C04F79EFBC}") = "XamarinXaml.Windows", "XamarinXaml\XamarinXaml.Windows\XamarinXaml.Windows.csproj", "{263080D3-CB19-4F0B-96B2-25679A4AA862}"
EndProject
Project("{FAE04EC0-301F-11D3-BF4B-00C04F79EFBC}") = "XamarinXaml.WinPhone", "XamarinXaml\XamarinXaml.WinPhone\XamarinXaml.WinPhone.csproj", "{B0025F9A-0210-4DC4-8BC9-08698B68EDC2}"
EndProject
Global
	GlobalSection(SolutionConfigurationPlatforms) = preSolution
		Ad-Hoc|Any CPU = Ad-Hoc|Any CPU
		Ad-Hoc|ARM = Ad-Hoc|ARM
		Ad-Hoc|iPhone = Ad-Hoc|iPhone
		Ad-Hoc|iPhoneSimulator = Ad-Hoc|iPhoneSimulator
		Ad-Hoc|x64 = Ad-Hoc|x64
		Ad-Hoc|x86 = Ad-Hoc|x86
		AppStore|Any CPU = AppStore|Any CPU
		AppStore|ARM = AppStore|ARM
		AppStore|iPhone = AppStore|iPhone
		AppStore|iPhoneSimulator = AppStore|iPhoneSimulator
		AppStore|x64 = AppStore|x64
		AppStore|x86 = AppStore|x86
		Debug|Any CPU = Debug|Any CPU
		Debug|ARM = Debug|ARM
		Debug|iPhone = Debug|iPhone
		Debug|iPhoneSimulator = Debug|iPhoneSimulator
		Debug|x64 = Debug|x64
		Debug|x86 = Debug|x86
		Release|Any CPU = Release|Any CPU
		Release|ARM = Release|ARM
		Release|iPhone = Release|iPhone
		Release|iPhoneSimulator = Release|iPhoneSimulator
		Release|x64 = Release|x64
		Release|x86 = Release|x86
	EndGlobalSection
	GlobalSection(ProjectConfigurationPlatforms) = postSolution
		{2F2964B4-4C45-4579-9516-E83019EC3AB2}.Ad-Hoc|Any CPU.ActiveCfg = Release|Any CPU
		{2F2964B4-4C45-4579-9516-E83019EC3AB2}.Ad-Hoc|Any CPU.Build.0 = Release|Any CPU
		{2F2964B4-4C45-4579-9516-E83019EC3AB2}.Ad-Hoc|ARM.ActiveCfg = Release|Any CPU
		{2F2964B4-4C45-4579-9516-E83019EC3AB2}.Ad-Hoc|ARM.Build.0 = Release|Any CPU
		{2F2964B4-4C45-4579-9516-E83019EC3AB2}.Ad-Hoc|iPhone.ActiveCfg = Release|Any CPU
		{2F2964B4-4C45-4579-9516-E83019EC3AB2}.Ad-Hoc|iPhone.Build.0 = Release|Any CPU
		{2F2964B4-4C45-4579-9516-E83019EC3AB2}.Ad-Hoc|iPhoneSimulator.ActiveCfg = Release|Any CPU
		{2F2964B4-4C45-4579-9516-E83019EC3AB2}.Ad-Hoc|iPhoneSimulator.Build.0 = Release|Any CPU
		{2F2964B4-4C45-4579-9516-E83019EC3AB2}.Ad-Hoc|x64.ActiveCfg = Release|Any CPU
		{2F2964B4-4C45-4579-9516-E83019EC3AB2}.Ad-Hoc|x64.Build.0 = Release|Any CPU
		{2F2964B4-4C45-4579-9516-E83019EC3AB2}.Ad-Hoc|x86.ActiveCfg = Release|Any CPU
		{2F2964B4-4C45-4579-9516-E83019EC3AB2}.Ad-Hoc|x86.Build.0 = Release|Any CPU
		{2F2964B4-4C45-4579-9516-E83019EC3AB2}.AppStore|Any CPU.ActiveCfg = Release|Any CPU
		{2F2964B4-4C45-4579-9516-E83019EC3AB2}.AppStore|Any CPU.Build.0 = Release|Any CPU
		{2F2964B4-4C45-4579-9516-E83019EC3AB2}.AppStore|ARM.ActiveCfg = Release|Any CPU
		{2F2964B4-4C45-4579-9516-E83019EC3AB2}.AppStore|ARM.Build.0 = Release|Any CPU
		{2F2964B4-4C45-4579-9516-E83019EC3AB2}.AppStore|iPhone.ActiveCfg = Release|Any CPU
		{2F2964B4-4C45-4579-9516-E83019EC3AB2}.AppStore|iPhone.Build.0 = Release|Any CPU
		{2F2964B4-4C45-4579-9516-E83019EC3AB2}.AppStore|iPhoneSimulator.ActiveCfg = Release|Any CPU
		{2F2964B4-4C45-4579-9516-E83019EC3AB2}.AppStore|iPhoneSimulator.Build.0 = Release|Any CPU
		{2F2964B4-4C45-4579-9516-E83019EC3AB2}.AppStore|x64.ActiveCfg = Release|Any CPU
		{2F2964B4-4C45-4579-9516-E83019EC3AB2}.AppStore|x64.Build.0 = Release|Any CPU
		{2F2964B4-4C45-4579-9516-E83019EC3AB2}.AppStore|x86.ActiveCfg = Release|Any CPU
		{2F2964B4-4C45-4579-9516-E83019EC3AB2}.AppStore|x86.Build.0 = Release|Any CPU
		{2F2964B4-4C45-4579-9516-E83019EC3AB2}.Debug|Any CPU.ActiveCfg = Debug|Any CPU
		{2F2964B4-4C45-4579-9516-E83019EC3AB2}.Debug|Any CPU.Build.0 = Debug|Any CPU
		{2F2964B4-4C45-4579-9516-E83019EC3AB2}.Debug|ARM.ActiveCfg = Debug|Any CPU
		{2F2964B4-4C45-4579-9516-E83019EC3AB2}.Debug|ARM.Build.0 = Debug|Any CPU
		{2F2964B4-4C45-4579-9516-E83019EC3AB2}.Debug|iPhone.ActiveCfg = Debug|Any CPU
		{2F2964B4-4C45-4579-9516-E83019EC3AB2}.Debug|iPhone.Build.0 = Debug|Any CPU
		{2F2964B4-4C45-4579-9516-E83019EC3AB2}.Debug|iPhoneSimulator.ActiveCfg = Debug|Any CPU
		{2F2964B4-4C45-4579-9516-E83019EC3AB2}.Debug|iPhoneSimulator.Build.0 = Debug|Any CPU
		{2F2964B4-4C45-4579-9516-E83019EC3AB2}.Debug|x64.ActiveCfg = Debug|Any CPU
		{2F2964B4-4C45-4579-9516-E83019EC3AB2}.Debug|x64.Build.0 = Debug|Any CPU
		{2F2964B4-4C45-4579-9516-E83019EC3AB2}.Debug|x86.ActiveCfg = Debug|Any CPU
		{2F2964B4-4C45-4579-9516-E83019EC3AB2}.Debug|x86.Build.0 = Debug|Any CPU
		{2F2964B4-4C45-4579-9516-E83019EC3AB2}.Release|Any CPU.ActiveCfg = Release|Any CPU
		{2F2964B4-4C45-4579-9516-E83019EC3AB2}.Release|Any CPU.Build.0 = Release|Any CPU
		{2F2964B4-4C45-4579-9516-E83019EC3AB2}.Release|ARM.ActiveCfg = Release|Any CPU
		{2F2964B4-4C45-4579-9516-E83019EC3AB2}.Release|ARM.Build.0 = Release|Any CPU
		{2F2964B4-4C45-4579-9516-E83019EC3AB2}.Release|iPhone.ActiveCfg = Release|Any CPU
		{2F2964B4-4C45-4579-9516-E83019EC3AB2}.Release|iPhone.Build.0 = Release|Any CPU
		{2F2964B4-4C45-4579-9516-E83019EC3AB2}.Release|iPhoneSimulator.ActiveCfg = Release|Any CPU
		{2F2964B4-4C45-4579-9516-E83019EC3AB2}.Release|iPhoneSimulator.Build.0 = Release|Any CPU
		{2F2964B4-4C45-4579-9516-E83019EC3AB2}.Release|x64.ActiveCfg = Release|Any CPU
		{2F2964B4-4C45-4579-9516-E83019EC3AB2}.Release|x64.Build.0 = Release|Any CPU
		{2F2964B4-4C45-4579-9516-E83019EC3AB2}.Release|x86.ActiveCfg = Release|Any CPU
		{2F2964B4-4C45-4579-9516-E83019EC3AB2}.Release|x86.Build.0 = Release|Any CPU
		{BAFC0E4D-B7D5-4818-98F6-56D75BC58761}.Ad-Hoc|Any CPU.ActiveCfg = Release|Any CPU
		{BAFC0E4D-B7D5-4818-98F6-56D75BC58761}.Ad-Hoc|Any CPU.Build.0 = Release|Any CPU
		{BAFC0E4D-B7D5-4818-98F6-56D75BC58761}.Ad-Hoc|Any CPU.Deploy.0 = Release|Any CPU
		{BAFC0E4D-B7D5-4818-98F6-56D75BC58761}.Ad-Hoc|ARM.ActiveCfg = Release|Any CPU
		{BAFC0E4D-B7D5-4818-98F6-56D75BC58761}.Ad-Hoc|ARM.Build.0 = Release|Any CPU
		{BAFC0E4D-B7D5-4818-98F6-56D75BC58761}.Ad-Hoc|ARM.Deploy.0 = Release|Any CPU
		{BAFC0E4D-B7D5-4818-98F6-56D75BC58761}.Ad-Hoc|iPhone.ActiveCfg = Release|Any CPU
		{BAFC0E4D-B7D5-4818-98F6-56D75BC58761}.Ad-Hoc|iPhone.Build.0 = Release|Any CPU
		{BAFC0E4D-B7D5-4818-98F6-56D75BC58761}.Ad-Hoc|iPhone.Deploy.0 = Release|Any CPU
		{BAFC0E4D-B7D5-4818-98F6-56D75BC58761}.Ad-Hoc|iPhoneSimulator.ActiveCfg = Release|Any CPU
		{BAFC0E4D-B7D5-4818-98F6-56D75BC58761}.Ad-Hoc|iPhoneSimulator.Build.0 = Release|Any CPU
		{BAFC0E4D-B7D5-4818-98F6-56D75BC58761}.Ad-Hoc|iPhoneSimulator.Deploy.0 = Release|Any CPU
		{BAFC0E4D-B7D5-4818-98F6-56D75BC58761}.Ad-Hoc|x64.ActiveCfg = Release|Any CPU
		{BAFC0E4D-B7D5-4818-98F6-56D75BC58761}.Ad-Hoc|x64.Build.0 = Release|Any CPU
		{BAFC0E4D-B7D5-4818-98F6-56D75BC58761}.Ad-Hoc|x64.Deploy.0 = Release|Any CPU
		{BAFC0E4D-B7D5-4818-98F6-56D75BC58761}.Ad-Hoc|x86.ActiveCfg = Release|Any CPU
		{BAFC0E4D-B7D5-4818-98F6-56D75BC58761}.Ad-Hoc|x86.Build.0 = Release|Any CPU
		{BAFC0E4D-B7D5-4818-98F6-56D75BC58761}.Ad-Hoc|x86.Deploy.0 = Release|Any CPU
		{BAFC0E4D-B7D5-4818-98F6-56D75BC58761}.AppStore|Any CPU.ActiveCfg = Release|Any CPU
		{BAFC0E4D-B7D5-4818-98F6-56D75BC58761}.AppStore|Any CPU.Build.0 = Release|Any CPU
		{BAFC0E4D-B7D5-4818-98F6-56D75BC58761}.AppStore|Any CPU.Deploy.0 = Release|Any CPU
		{BAFC0E4D-B7D5-4818-98F6-56D75BC58761}.AppStore|ARM.ActiveCfg = Release|Any CPU
		{BAFC0E4D-B7D5-4818-98F6-56D75BC58761}.AppStore|ARM.Build.0 = Release|Any CPU
		{BAFC0E4D-B7D5-4818-98F6-56D75BC58761}.AppStore|ARM.Deploy.0 = Release|Any CPU
		{BAFC0E4D-B7D5-4818-98F6-56D75BC58761}.AppStore|iPhone.ActiveCfg = Release|Any CPU
		{BAFC0E4D-B7D5-4818-98F6-56D75BC58761}.AppStore|iPhone.Build.0 = Release|Any CPU
		{BAFC0E4D-B7D5-4818-98F6-56D75BC58761}.AppStore|iPhone.Deploy.0 = Release|Any CPU
		{BAFC0E4D-B7D5-4818-98F6-56D75BC58761}.AppStore|iPhoneSimulator.ActiveCfg = Release|Any CPU
		{BAFC0E4D-B7D5-4818-98F6-56D75BC58761}.AppStore|iPhoneSimulator.Build.0 = Release|Any CPU
		{BAFC0E4D-B7D5-4818-98F6-56D75BC58761}.AppStore|iPhoneSimulator.Deploy.0 = Release|Any CPU
		{BAFC0E4D-B7D5-4818-98F6-56D75BC58761}.AppStore|x64.ActiveCfg = Release|Any CPU
		{BAFC0E4D-B7D5-4818-98F6-56D75BC58761}.AppStore|x64.Build.0 = Release|Any CPU
		{BAFC0E4D-B7D5-4818-98F6-56D75BC58761}.AppStore|x64.Deploy.0 = Release|Any CPU
		{BAFC0E4D-B7D5-4818-98F6-56D75BC58761}.AppStore|x86.ActiveCfg = Release|Any CPU
		{BAFC0E4D-B7D5-4818-98F6-56D75BC58761}.AppStore|x86.Build.0 = Release|Any CPU
		{BAFC0E4D-B7D5-4818-98F6-56D75BC58761}.AppStore|x86.Deploy.0 = Release|Any CPU
		{BAFC0E4D-B7D5-4818-98F6-56D75BC58761}.Debug|Any CPU.ActiveCfg = Debug|Any CPU
		{BAFC0E4D-B7D5-4818-98F6-56D75BC58761}.Debug|Any CPU.Build.0 = Debug|Any CPU
		{BAFC0E4D-B7D5-4818-98F6-56D75BC58761}.Debug|Any CPU.Deploy.0 = Debug|Any CPU
		{BAFC0E4D-B7D5-4818-98F6-56D75BC58761}.Debug|ARM.ActiveCfg = Debug|Any CPU
		{BAFC0E4D-B7D5-4818-98F6-56D75BC58761}.Debug|ARM.Build.0 = Debug|Any CPU
		{BAFC0E4D-B7D5-4818-98F6-56D75BC58761}.Debug|ARM.Deploy.0 = Debug|Any CPU
		{BAFC0E4D-B7D5-4818-98F6-56D75BC58761}.Debug|iPhone.ActiveCfg = Debug|Any CPU
		{BAFC0E4D-B7D5-4818-98F6-56D75BC58761}.Debug|iPhone.Build.0 = Debug|Any CPU
		{BAFC0E4D-B7D5-4818-98F6-56D75BC58761}.Debug|iPhone.Deploy.0 = Debug|Any CPU
		{BAFC0E4D-B7D5-4818-98F6-56D75BC58761}.Debug|iPhoneSimulator.ActiveCfg = Debug|Any CPU
		{BAFC0E4D-B7D5-4818-98F6-56D75BC58761}.Debug|iPhoneSimulator.Build.0 = Debug|Any CPU
		{BAFC0E4D-B7D5-4818-98F6-56D75BC58761}.Debug|iPhoneSimulator.Deploy.0 = Debug|Any CPU
		{BAFC0E4D-B7D5-4818-98F6-56D75BC58761}.Debug|x64.ActiveCfg = Debug|Any CPU
		{BAFC0E4D-B7D5-4818-98F6-56D75BC58761}.Debug|x64.Build.0 = Debug|Any CPU
		{BAFC0E4D-B7D5-4818-98F6-56D75BC58761}.Debug|x64.Deploy.0 = Debug|Any CPU
		{BAFC0E4D-B7D5-4818-98F6-56D75BC58761}.Debug|x86.ActiveCfg = Debug|Any CPU
		{BAFC0E4D-B7D5-4818-98F6-56D75BC58761}.Debug|x86.Build.0 = Debug|Any CPU
		{BAFC0E4D-B7D5-4818-98F6-56D75BC58761}.Debug|x86.Deploy.0 = Debug|Any CPU
		{BAFC0E4D-B7D5-4818-98F6-56D75BC58761}.Release|Any CPU.ActiveCfg = Release|Any CPU
		{BAFC0E4D-B7D5-4818-98F6-56D75BC58761}.Release|Any CPU.Build.0 = Release|Any CPU
		{BAFC0E4D-B7D5-4818-98F6-56D75BC58761}.Release|Any CPU.Deploy.0 = Release|Any CPU
		{BAFC0E4D-B7D5-4818-98F6-56D75BC58761}.Release|ARM.ActiveCfg = Release|Any CPU
		{BAFC0E4D-B7D5-4818-98F6-56D75BC58761}.Release|ARM.Build.0 = Release|Any CPU
		{BAFC0E4D-B7D5-4818-98F6-56D75BC58761}.Release|ARM.Deploy.0 = Release|Any CPU
		{BAFC0E4D-B7D5-4818-98F6-56D75BC58761}.Release|iPhone.ActiveCfg = Release|Any CPU
		{BAFC0E4D-B7D5-4818-98F6-56D75BC58761}.Release|iPhone.Build.0 = Release|Any CPU
		{BAFC0E4D-B7D5-4818-98F6-56D75BC58761}.Release|iPhone.Deploy.0 = Release|Any CPU
		{BAFC0E4D-B7D5-4818-98F6-56D75BC58761}.Release|iPhoneSimulator.ActiveCfg = Release|Any CPU
		{BAFC0E4D-B7D5-4818-98F6-56D75BC58761}.Release|iPhoneSimulator.Build.0 = Release|Any CPU
		{BAFC0E4D-B7D5-4818-98F6-56D75BC58761}.Release|iPhoneSimulator.Deploy.0 = Release|Any CPU
		{BAFC0E4D-B7D5-4818-98F6-56D75BC58761}.Release|x64.ActiveCfg = Release|Any CPU
		{BAFC0E4D-B7D5-4818-98F6-56D75BC58761}.Release|x64.Build.0 = Release|Any CPU
		{BAFC0E4D-B7D5-4818-98F6-56D75BC58761}.Release|x64.Deploy.0 = Release|Any CPU
		{BAFC0E4D-B7D5-4818-98F6-56D75BC58761}.Release|x86.ActiveCfg = Release|Any CPU
		{BAFC0E4D-B7D5-4818-98F6-56D75BC58761}.Release|x86.Build.0 = Release|Any CPU
		{BAFC0E4D-B7D5-4818-98F6-56D75BC58761}.Release|x86.Deploy.0 = Release|Any CPU
		{72E8B263-861F-4D43-8E01-A8CA0E4CF3BA}.Ad-Hoc|Any CPU.ActiveCfg = Ad-Hoc|iPhone
		{72E8B263-861F-4D43-8E01-A8CA0E4CF3BA}.Ad-Hoc|ARM.ActiveCfg = Ad-Hoc|iPhone
		{72E8B263-861F-4D43-8E01-A8CA0E4CF3BA}.Ad-Hoc|iPhone.ActiveCfg = Ad-Hoc|iPhone
		{72E8B263-861F-4D43-8E01-A8CA0E4CF3BA}.Ad-Hoc|iPhone.Build.0 = Ad-Hoc|iPhone
		{72E8B263-861F-4D43-8E01-A8CA0E4CF3BA}.Ad-Hoc|iPhoneSimulator.ActiveCfg = Ad-Hoc|iPhoneSimulator
		{72E8B263-861F-4D43-8E01-A8CA0E4CF3BA}.Ad-Hoc|iPhoneSimulator.Build.0 = Ad-Hoc|iPhoneSimulator
		{72E8B263-861F-4D43-8E01-A8CA0E4CF3BA}.Ad-Hoc|x64.ActiveCfg = Ad-Hoc|iPhone
		{72E8B263-861F-4D43-8E01-A8CA0E4CF3BA}.Ad-Hoc|x86.ActiveCfg = Ad-Hoc|iPhone
		{72E8B263-861F-4D43-8E01-A8CA0E4CF3BA}.AppStore|Any CPU.ActiveCfg = AppStore|iPhone
		{72E8B263-861F-4D43-8E01-A8CA0E4CF3BA}.AppStore|ARM.ActiveCfg = AppStore|iPhone
		{72E8B263-861F-4D43-8E01-A8CA0E4CF3BA}.AppStore|iPhone.ActiveCfg = AppStore|iPhone
		{72E8B263-861F-4D43-8E01-A8CA0E4CF3BA}.AppStore|iPhone.Build.0 = AppStore|iPhone
		{72E8B263-861F-4D43-8E01-A8CA0E4CF3BA}.AppStore|iPhoneSimulator.ActiveCfg = AppStore|iPhoneSimulator
		{72E8B263-861F-4D43-8E01-A8CA0E4CF3BA}.AppStore|iPhoneSimulator.Build.0 = AppStore|iPhoneSimulator
		{72E8B263-861F-4D43-8E01-A8CA0E4CF3BA}.AppStore|x64.ActiveCfg = AppStore|iPhone
		{72E8B263-861F-4D43-8E01-A8CA0E4CF3BA}.AppStore|x86.ActiveCfg = AppStore|iPhone
		{72E8B263-861F-4D43-8E01-A8CA0E4CF3BA}.Debug|Any CPU.ActiveCfg = Debug|iPhone
		{72E8B263-861F-4D43-8E01-A8CA0E4CF3BA}.Debug|ARM.ActiveCfg = Debug|iPhone
		{72E8B263-861F-4D43-8E01-A8CA0E4CF3BA}.Debug|iPhone.ActiveCfg = Debug|iPhoneSimulator
		{72E8B263-861F-4D43-8E01-A8CA0E4CF3BA}.Debug|iPhone.Build.0 = Debug|iPhoneSimulator
		{72E8B263-861F-4D43-8E01-A8CA0E4CF3BA}.Debug|iPhoneSimulator.ActiveCfg = Debug|iPhoneSimulator
		{72E8B263-861F-4D43-8E01-A8CA0E4CF3BA}.Debug|iPhoneSimulator.Build.0 = Debug|iPhoneSimulator
		{72E8B263-861F-4D43-8E01-A8CA0E4CF3BA}.Debug|x64.ActiveCfg = Debug|iPhone
		{72E8B263-861F-4D43-8E01-A8CA0E4CF3BA}.Debug|x86.ActiveCfg = Debug|iPhone
		{72E8B263-861F-4D43-8E01-A8CA0E4CF3BA}.Release|Any CPU.ActiveCfg = Release|iPhone
		{72E8B263-861F-4D43-8E01-A8CA0E4CF3BA}.Release|ARM.ActiveCfg = Release|iPhone
		{72E8B263-861F-4D43-8E01-A8CA0E4CF3BA}.Release|iPhone.ActiveCfg = Release|iPhone
		{72E8B263-861F-4D43-8E01-A8CA0E4CF3BA}.Release|iPhone.Build.0 = Release|iPhone
		{72E8B263-861F-4D43-8E01-A8CA0E4CF3BA}.Release|iPhoneSimulator.ActiveCfg = Release|iPhoneSimulator
		{72E8B263-861F-4D43-8E01-A8CA0E4CF3BA}.Release|iPhoneSimulator.Build.0 = Release|iPhoneSimulator
		{72E8B263-861F-4D43-8E01-A8CA0E4CF3BA}.Release|x64.ActiveCfg = Release|iPhone
		{72E8B263-861F-4D43-8E01-A8CA0E4CF3BA}.Release|x86.ActiveCfg = Release|iPhone
		{44A500C2-20E2-4950-90DE-AE8710108DC2}.Ad-Hoc|Any CPU.ActiveCfg = Release|x86
		{44A500C2-20E2-4950-90DE-AE8710108DC2}.Ad-Hoc|Any CPU.Build.0 = Release|x86
		{44A500C2-20E2-4950-90DE-AE8710108DC2}.Ad-Hoc|Any CPU.Deploy.0 = Release|x86
		{44A500C2-20E2-4950-90DE-AE8710108DC2}.Ad-Hoc|ARM.ActiveCfg = Release|ARM
		{44A500C2-20E2-4950-90DE-AE8710108DC2}.Ad-Hoc|ARM.Build.0 = Release|ARM
		{44A500C2-20E2-4950-90DE-AE8710108DC2}.Ad-Hoc|ARM.Deploy.0 = Release|ARM
		{44A500C2-20E2-4950-90DE-AE8710108DC2}.Ad-Hoc|iPhone.ActiveCfg = Release|x86
		{44A500C2-20E2-4950-90DE-AE8710108DC2}.Ad-Hoc|iPhone.Build.0 = Release|x86
		{44A500C2-20E2-4950-90DE-AE8710108DC2}.Ad-Hoc|iPhone.Deploy.0 = Release|x86
		{44A500C2-20E2-4950-90DE-AE8710108DC2}.Ad-Hoc|iPhoneSimulator.ActiveCfg = Release|x86
		{44A500C2-20E2-4950-90DE-AE8710108DC2}.Ad-Hoc|iPhoneSimulator.Build.0 = Release|x86
		{44A500C2-20E2-4950-90DE-AE8710108DC2}.Ad-Hoc|iPhoneSimulator.Deploy.0 = Release|x86
		{44A500C2-20E2-4950-90DE-AE8710108DC2}.Ad-Hoc|x64.ActiveCfg = Release|x64
		{44A500C2-20E2-4950-90DE-AE8710108DC2}.Ad-Hoc|x64.Build.0 = Release|x64
		{44A500C2-20E2-4950-90DE-AE8710108DC2}.Ad-Hoc|x64.Deploy.0 = Release|x64
		{44A500C2-20E2-4950-90DE-AE8710108DC2}.Ad-Hoc|x86.ActiveCfg = Release|x86
		{44A500C2-20E2-4950-90DE-AE8710108DC2}.Ad-Hoc|x86.Build.0 = Release|x86
		{44A500C2-20E2-4950-90DE-AE8710108DC2}.Ad-Hoc|x86.Deploy.0 = Release|x86
		{44A500C2-20E2-4950-90DE-AE8710108DC2}.AppStore|Any CPU.ActiveCfg = Release|x86
		{44A500C2-20E2-4950-90DE-AE8710108DC2}.AppStore|Any CPU.Build.0 = Release|x86
		{44A500C2-20E2-4950-90DE-AE8710108DC2}.AppStore|Any CPU.Deploy.0 = Release|x86
		{44A500C2-20E2-4950-90DE-AE8710108DC2}.AppStore|ARM.ActiveCfg = Release|ARM
		{44A500C2-20E2-4950-90DE-AE8710108DC2}.AppStore|ARM.Build.0 = Release|ARM
		{44A500C2-20E2-4950-90DE-AE8710108DC2}.AppStore|ARM.Deploy.0 = Release|ARM
		{44A500C2-20E2-4950-90DE-AE8710108DC2}.AppStore|iPhone.ActiveCfg = Release|x86
		{44A500C2-20E2-4950-90DE-AE8710108DC2}.AppStore|iPhone.Build.0 = Release|x86
		{44A500C2-20E2-4950-90DE-AE8710108DC2}.AppStore|iPhone.Deploy.0 = Release|x86
		{44A500C2-20E2-4950-90DE-AE8710108DC2}.AppStore|iPhoneSimulator.ActiveCfg = Release|x86
		{44A500C2-20E2-4950-90DE-AE8710108DC2}.AppStore|iPhoneSimulator.Build.0 = Release|x86
		{44A500C2-20E2-4950-90DE-AE8710108DC2}.AppStore|iPhoneSimulator.Deploy.0 = Release|x86
		{44A500C2-20E2-4950-90DE-AE8710108DC2}.AppStore|x64.ActiveCfg = Release|x64
		{44A500C2-20E2-4950-90DE-AE8710108DC2}.AppStore|x64.Build.0 = Release|x64
		{44A500C2-20E2-4950-90DE-AE8710108DC2}.AppStore|x64.Deploy.0 = Release|x64
		{44A500C2-20E2-4950-90DE-AE8710108DC2}.AppStore|x86.ActiveCfg = Release|x86
		{44A500C2-20E2-4950-90DE-AE8710108DC2}.AppStore|x86.Build.0 = Release|x86
		{44A500C2-20E2-4950-90DE-AE8710108DC2}.AppStore|x86.Deploy.0 = Release|x86
		{44A500C2-20E2-4950-90DE-AE8710108DC2}.Debug|Any CPU.ActiveCfg = Debug|x86
		{44A500C2-20E2-4950-90DE-AE8710108DC2}.Debug|ARM.ActiveCfg = Debug|ARM
		{44A500C2-20E2-4950-90DE-AE8710108DC2}.Debug|ARM.Build.0 = Debug|ARM
		{44A500C2-20E2-4950-90DE-AE8710108DC2}.Debug|ARM.Deploy.0 = Debug|ARM
		{44A500C2-20E2-4950-90DE-AE8710108DC2}.Debug|iPhone.ActiveCfg = Debug|x86
		{44A500C2-20E2-4950-90DE-AE8710108DC2}.Debug|iPhoneSimulator.ActiveCfg = Debug|x86
		{44A500C2-20E2-4950-90DE-AE8710108DC2}.Debug|x64.ActiveCfg = Debug|x64
		{44A500C2-20E2-4950-90DE-AE8710108DC2}.Debug|x64.Build.0 = Debug|x64
		{44A500C2-20E2-4950-90DE-AE8710108DC2}.Debug|x64.Deploy.0 = Debug|x64
		{44A500C2-20E2-4950-90DE-AE8710108DC2}.Debug|x86.ActiveCfg = Debug|x86
		{44A500C2-20E2-4950-90DE-AE8710108DC2}.Debug|x86.Build.0 = Debug|x86
		{44A500C2-20E2-4950-90DE-AE8710108DC2}.Debug|x86.Deploy.0 = Debug|x86
		{44A500C2-20E2-4950-90DE-AE8710108DC2}.Release|Any CPU.ActiveCfg = Release|x86
		{44A500C2-20E2-4950-90DE-AE8710108DC2}.Release|ARM.ActiveCfg = Release|ARM
		{44A500C2-20E2-4950-90DE-AE8710108DC2}.Release|ARM.Build.0 = Release|ARM
		{44A500C2-20E2-4950-90DE-AE8710108DC2}.Release|ARM.Deploy.0 = Release|ARM
		{44A500C2-20E2-4950-90DE-AE8710108DC2}.Release|iPhone.ActiveCfg = Release|x86
		{44A500C2-20E2-4950-90DE-AE8710108DC2}.Release|iPhoneSimulator.ActiveCfg = Release|x86
		{44A500C2-20E2-4950-90DE-AE8710108DC2}.Release|x64.ActiveCfg = Release|x64
		{44A500C2-20E2-4950-90DE-AE8710108DC2}.Release|x64.Build.0 = Release|x64
		{44A500C2-20E2-4950-90DE-AE8710108DC2}.Release|x64.Deploy.0 = Release|x64
		{44A500C2-20E2-4950-90DE-AE8710108DC2}.Release|x86.ActiveCfg = Release|x86
		{44A500C2-20E2-4950-90DE-AE8710108DC2}.Release|x86.Build.0 = Release|x86
		{44A500C2-20E2-4950-90DE-AE8710108DC2}.Release|x86.Deploy.0 = Release|x86
		{263080D3-CB19-4F0B-96B2-25679A4AA862}.Ad-Hoc|Any CPU.ActiveCfg = Release|Any CPU
		{263080D3-CB19-4F0B-96B2-25679A4AA862}.Ad-Hoc|Any CPU.Build.0 = Release|Any CPU
		{263080D3-CB19-4F0B-96B2-25679A4AA862}.Ad-Hoc|Any CPU.Deploy.0 = Release|Any CPU
		{263080D3-CB19-4F0B-96B2-25679A4AA862}.Ad-Hoc|ARM.ActiveCfg = Release|ARM
		{263080D3-CB19-4F0B-96B2-25679A4AA862}.Ad-Hoc|ARM.Build.0 = Release|ARM
		{263080D3-CB19-4F0B-96B2-25679A4AA862}.Ad-Hoc|ARM.Deploy.0 = Release|ARM
		{263080D3-CB19-4F0B-96B2-25679A4AA862}.Ad-Hoc|iPhone.ActiveCfg = Release|Any CPU
		{263080D3-CB19-4F0B-96B2-25679A4AA862}.Ad-Hoc|iPhone.Build.0 = Release|Any CPU
		{263080D3-CB19-4F0B-96B2-25679A4AA862}.Ad-Hoc|iPhone.Deploy.0 = Release|Any CPU
		{263080D3-CB19-4F0B-96B2-25679A4AA862}.Ad-Hoc|iPhoneSimulator.ActiveCfg = Release|Any CPU
		{263080D3-CB19-4F0B-96B2-25679A4AA862}.Ad-Hoc|iPhoneSimulator.Build.0 = Release|Any CPU
		{263080D3-CB19-4F0B-96B2-25679A4AA862}.Ad-Hoc|iPhoneSimulator.Deploy.0 = Release|Any CPU
		{263080D3-CB19-4F0B-96B2-25679A4AA862}.Ad-Hoc|x64.ActiveCfg = Release|x64
		{263080D3-CB19-4F0B-96B2-25679A4AA862}.Ad-Hoc|x64.Build.0 = Release|x64
		{263080D3-CB19-4F0B-96B2-25679A4AA862}.Ad-Hoc|x64.Deploy.0 = Release|x64
		{263080D3-CB19-4F0B-96B2-25679A4AA862}.Ad-Hoc|x86.ActiveCfg = Release|x86
		{263080D3-CB19-4F0B-96B2-25679A4AA862}.Ad-Hoc|x86.Build.0 = Release|x86
		{263080D3-CB19-4F0B-96B2-25679A4AA862}.Ad-Hoc|x86.Deploy.0 = Release|x86
		{263080D3-CB19-4F0B-96B2-25679A4AA862}.AppStore|Any CPU.ActiveCfg = Release|Any CPU
		{263080D3-CB19-4F0B-96B2-25679A4AA862}.AppStore|Any CPU.Build.0 = Release|Any CPU
		{263080D3-CB19-4F0B-96B2-25679A4AA862}.AppStore|Any CPU.Deploy.0 = Release|Any CPU
		{263080D3-CB19-4F0B-96B2-25679A4AA862}.AppStore|ARM.ActiveCfg = Release|ARM
		{263080D3-CB19-4F0B-96B2-25679A4AA862}.AppStore|ARM.Build.0 = Release|ARM
		{263080D3-CB19-4F0B-96B2-25679A4AA862}.AppStore|ARM.Deploy.0 = Release|ARM
		{263080D3-CB19-4F0B-96B2-25679A4AA862}.AppStore|iPhone.ActiveCfg = Release|Any CPU
		{263080D3-CB19-4F0B-96B2-25679A4AA862}.AppStore|iPhone.Build.0 = Release|Any CPU
		{263080D3-CB19-4F0B-96B2-25679A4AA862}.AppStore|iPhone.Deploy.0 = Release|Any CPU
		{263080D3-CB19-4F0B-96B2-25679A4AA862}.AppStore|iPhoneSimulator.ActiveCfg = Release|Any CPU
		{263080D3-CB19-4F0B-96B2-25679A4AA862}.AppStore|iPhoneSimulator.Build.0 = Release|Any CPU
		{263080D3-CB19-4F0B-96B2-25679A4AA862}.AppStore|iPhoneSimulator.Deploy.0 = Release|Any CPU
		{263080D3-CB19-4F0B-96B2-25679A4AA862}.AppStore|x64.ActiveCfg = Release|x64
		{263080D3-CB19-4F0B-96B2-25679A4AA862}.AppStore|x64.Build.0 = Release|x64
		{263080D3-CB19-4F0B-96B2-25679A4AA862}.AppStore|x64.Deploy.0 = Release|x64
		{263080D3-CB19-4F0B-96B2-25679A4AA862}.AppStore|x86.ActiveCfg = Release|x86
		{263080D3-CB19-4F0B-96B2-25679A4AA862}.AppStore|x86.Build.0 = Release|x86
		{263080D3-CB19-4F0B-96B2-25679A4AA862}.AppStore|x86.Deploy.0 = Release|x86
		{263080D3-CB19-4F0B-96B2-25679A4AA862}.Debug|Any CPU.ActiveCfg = Debug|Any CPU
		{263080D3-CB19-4F0B-96B2-25679A4AA862}.Debug|Any CPU.Build.0 = Debug|Any CPU
		{263080D3-CB19-4F0B-96B2-25679A4AA862}.Debug|Any CPU.Deploy.0 = Debug|Any CPU
		{263080D3-CB19-4F0B-96B2-25679A4AA862}.Debug|ARM.ActiveCfg = Debug|ARM
		{263080D3-CB19-4F0B-96B2-25679A4AA862}.Debug|ARM.Build.0 = Debug|ARM
		{263080D3-CB19-4F0B-96B2-25679A4AA862}.Debug|ARM.Deploy.0 = Debug|ARM
		{263080D3-CB19-4F0B-96B2-25679A4AA862}.Debug|iPhone.ActiveCfg = Debug|Any CPU
		{263080D3-CB19-4F0B-96B2-25679A4AA862}.Debug|iPhone.Build.0 = Debug|Any CPU
		{263080D3-CB19-4F0B-96B2-25679A4AA862}.Debug|iPhone.Deploy.0 = Debug|Any CPU
		{263080D3-CB19-4F0B-96B2-25679A4AA862}.Debug|iPhoneSimulator.ActiveCfg = Debug|Any CPU
		{263080D3-CB19-4F0B-96B2-25679A4AA862}.Debug|iPhoneSimulator.Build.0 = Debug|Any CPU
		{263080D3-CB19-4F0B-96B2-25679A4AA862}.Debug|iPhoneSimulator.Deploy.0 = Debug|Any CPU
		{263080D3-CB19-4F0B-96B2-25679A4AA862}.Debug|x64.ActiveCfg = Debug|x64
		{263080D3-CB19-4F0B-96B2-25679A4AA862}.Debug|x64.Build.0 = Debug|x64
		{263080D3-CB19-4F0B-96B2-25679A4AA862}.Debug|x64.Deploy.0 = Debug|x64
		{263080D3-CB19-4F0B-96B2-25679A4AA862}.Debug|x86.ActiveCfg = Debug|x86
		{263080D3-CB19-4F0B-96B2-25679A4AA862}.Debug|x86.Build.0 = Debug|x86
		{263080D3-CB19-4F0B-96B2-25679A4AA862}.Debug|x86.Deploy.0 = Debug|x86
		{263080D3-CB19-4F0B-96B2-25679A4AA862}.Release|Any CPU.ActiveCfg = Release|Any CPU
		{263080D3-CB19-4F0B-96B2-25679A4AA862}.Release|Any CPU.Build.0 = Release|Any CPU
		{263080D3-CB19-4F0B-96B2-25679A4AA862}.Release|Any CPU.Deploy.0 = Release|Any CPU
		{263080D3-CB19-4F0B-96B2-25679A4AA862}.Release|ARM.ActiveCfg = Release|ARM
		{263080D3-CB19-4F0B-96B2-25679A4AA862}.Release|ARM.Build.0 = Release|ARM
		{263080D3-CB19-4F0B-96B2-25679A4AA862}.Release|ARM.Deploy.0 = Release|ARM
		{263080D3-CB19-4F0B-96B2-25679A4AA862}.Release|iPhone.ActiveCfg = Release|Any CPU
		{263080D3-CB19-4F0B-96B2-25679A4AA862}.Release|iPhone.Build.0 = Release|Any CPU
		{263080D3-CB19-4F0B-96B2-25679A4AA862}.Release|iPhone.Deploy.0 = Release|Any CPU
		{263080D3-CB19-4F0B-96B2-25679A4AA862}.Release|iPhoneSimulator.ActiveCfg = Release|Any CPU
		{263080D3-CB19-4F0B-96B2-25679A4AA862}.Release|iPhoneSimulator.Build.0 = Release|Any CPU
		{263080D3-CB19-4F0B-96B2-25679A4AA862}.Release|iPhoneSimulator.Deploy.0 = Release|Any CPU
		{263080D3-CB19-4F0B-96B2-25679A4AA862}.Release|x64.ActiveCfg = Release|x64
		{263080D3-CB19-4F0B-96B2-25679A4AA862}.Release|x64.Build.0 = Release|x64
		{263080D3-CB19-4F0B-96B2-25679A4AA862}.Release|x64.Deploy.0 = Release|x64
		{263080D3-CB19-4F0B-96B2-25679A4AA862}.Release|x86.ActiveCfg = Release|x86
		{263080D3-CB19-4F0B-96B2-25679A4AA862}.Release|x86.Build.0 = Release|x86
		{263080D3-CB19-4F0B-96B2-25679A4AA862}.Release|x86.Deploy.0 = Release|x86
		{B0025F9A-0210-4DC4-8BC9-08698B68EDC2}.Ad-Hoc|Any CPU.ActiveCfg = Release|Any CPU
		{B0025F9A-0210-4DC4-8BC9-08698B68EDC2}.Ad-Hoc|Any CPU.Build.0 = Release|Any CPU
		{B0025F9A-0210-4DC4-8BC9-08698B68EDC2}.Ad-Hoc|Any CPU.Deploy.0 = Release|Any CPU
		{B0025F9A-0210-4DC4-8BC9-08698B68EDC2}.Ad-Hoc|ARM.ActiveCfg = Release|ARM
		{B0025F9A-0210-4DC4-8BC9-08698B68EDC2}.Ad-Hoc|ARM.Build.0 = Release|ARM
		{B0025F9A-0210-4DC4-8BC9-08698B68EDC2}.Ad-Hoc|ARM.Deploy.0 = Release|ARM
		{B0025F9A-0210-4DC4-8BC9-08698B68EDC2}.Ad-Hoc|iPhone.ActiveCfg = Release|Any CPU
		{B0025F9A-0210-4DC4-8BC9-08698B68EDC2}.Ad-Hoc|iPhone.Build.0 = Release|Any CPU
		{B0025F9A-0210-4DC4-8BC9-08698B68EDC2}.Ad-Hoc|iPhone.Deploy.0 = Release|Any CPU
		{B0025F9A-0210-4DC4-8BC9-08698B68EDC2}.Ad-Hoc|iPhoneSimulator.ActiveCfg = Release|Any CPU
		{B0025F9A-0210-4DC4-8BC9-08698B68EDC2}.Ad-Hoc|iPhoneSimulator.Build.0 = Release|Any CPU
		{B0025F9A-0210-4DC4-8BC9-08698B68EDC2}.Ad-Hoc|iPhoneSimulator.Deploy.0 = Release|Any CPU
		{B0025F9A-0210-4DC4-8BC9-08698B68EDC2}.Ad-Hoc|x64.ActiveCfg = Release|Any CPU
		{B0025F9A-0210-4DC4-8BC9-08698B68EDC2}.Ad-Hoc|x64.Build.0 = Release|Any CPU
		{B0025F9A-0210-4DC4-8BC9-08698B68EDC2}.Ad-Hoc|x64.Deploy.0 = Release|Any CPU
		{B0025F9A-0210-4DC4-8BC9-08698B68EDC2}.Ad-Hoc|x86.ActiveCfg = Release|x86
		{B0025F9A-0210-4DC4-8BC9-08698B68EDC2}.Ad-Hoc|x86.Build.0 = Release|x86
		{B0025F9A-0210-4DC4-8BC9-08698B68EDC2}.Ad-Hoc|x86.Deploy.0 = Release|x86
		{B0025F9A-0210-4DC4-8BC9-08698B68EDC2}.AppStore|Any CPU.ActiveCfg = Release|Any CPU
		{B0025F9A-0210-4DC4-8BC9-08698B68EDC2}.AppStore|Any CPU.Build.0 = Release|Any CPU
		{B0025F9A-0210-4DC4-8BC9-08698B68EDC2}.AppStore|Any CPU.Deploy.0 = Release|Any CPU
		{B0025F9A-0210-4DC4-8BC9-08698B68EDC2}.AppStore|ARM.ActiveCfg = Release|ARM
		{B0025F9A-0210-4DC4-8BC9-08698B68EDC2}.AppStore|ARM.Build.0 = Release|ARM
		{B0025F9A-0210-4DC4-8BC9-08698B68EDC2}.AppStore|ARM.Deploy.0 = Release|ARM
		{B0025F9A-0210-4DC4-8BC9-08698B68EDC2}.AppStore|iPhone.ActiveCfg = Release|Any CPU
		{B0025F9A-0210-4DC4-8BC9-08698B68EDC2}.AppStore|iPhone.Build.0 = Release|Any CPU
		{B0025F9A-0210-4DC4-8BC9-08698B68EDC2}.AppStore|iPhone.Deploy.0 = Release|Any CPU
		{B0025F9A-0210-4DC4-8BC9-08698B68EDC2}.AppStore|iPhoneSimulator.ActiveCfg = Release|Any CPU
		{B0025F9A-0210-4DC4-8BC9-08698B68EDC2}.AppStore|iPhoneSimulator.Build.0 = Release|Any CPU
		{B0025F9A-0210-4DC4-8BC9-08698B68EDC2}.AppStore|iPhoneSimulator.Deploy.0 = Release|Any CPU
		{B0025F9A-0210-4DC4-8BC9-08698B68EDC2}.AppStore|x64.ActiveCfg = Release|Any CPU
		{B0025F9A-0210-4DC4-8BC9-08698B68EDC2}.AppStore|x64.Build.0 = Release|Any CPU
		{B0025F9A-0210-4DC4-8BC9-08698B68EDC2}.AppStore|x64.Deploy.0 = Release|Any CPU
		{B0025F9A-0210-4DC4-8BC9-08698B68EDC2}.AppStore|x86.ActiveCfg = Release|x86
		{B0025F9A-0210-4DC4-8BC9-08698B68EDC2}.AppStore|x86.Build.0 = Release|x86
		{B0025F9A-0210-4DC4-8BC9-08698B68EDC2}.AppStore|x86.Deploy.0 = Release|x86
		{B0025F9A-0210-4DC4-8BC9-08698B68EDC2}.Debug|Any CPU.ActiveCfg = Debug|Any CPU
		{B0025F9A-0210-4DC4-8BC9-08698B68EDC2}.Debug|Any CPU.Build.0 = Debug|Any CPU
		{B0025F9A-0210-4DC4-8BC9-08698B68EDC2}.Debug|Any CPU.Deploy.0 = Debug|Any CPU
		{B0025F9A-0210-4DC4-8BC9-08698B68EDC2}.Debug|ARM.ActiveCfg = Debug|ARM
		{B0025F9A-0210-4DC4-8BC9-08698B68EDC2}.Debug|ARM.Build.0 = Debug|ARM
		{B0025F9A-0210-4DC4-8BC9-08698B68EDC2}.Debug|ARM.Deploy.0 = Debug|ARM
		{B0025F9A-0210-4DC4-8BC9-08698B68EDC2}.Debug|iPhone.ActiveCfg = Debug|Any CPU
		{B0025F9A-0210-4DC4-8BC9-08698B68EDC2}.Debug|iPhone.Build.0 = Debug|Any CPU
		{B0025F9A-0210-4DC4-8BC9-08698B68EDC2}.Debug|iPhone.Deploy.0 = Debug|Any CPU
		{B0025F9A-0210-4DC4-8BC9-08698B68EDC2}.Debug|iPhoneSimulator.ActiveCfg = Debug|Any CPU
		{B0025F9A-0210-4DC4-8BC9-08698B68EDC2}.Debug|iPhoneSimulator.Build.0 = Debug|Any CPU
		{B0025F9A-0210-4DC4-8BC9-08698B68EDC2}.Debug|iPhoneSimulator.Deploy.0 = Debug|Any CPU
		{B0025F9A-0210-4DC4-8BC9-08698B68EDC2}.Debug|x64.ActiveCfg = Debug|Any CPU
		{B0025F9A-0210-4DC4-8BC9-08698B68EDC2}.Debug|x64.Build.0 = Debug|Any CPU
		{B0025F9A-0210-4DC4-8BC9-08698B68EDC2}.Debug|x64.Deploy.0 = Debug|Any CPU
		{B0025F9A-0210-4DC4-8BC9-08698B68EDC2}.Debug|x86.ActiveCfg = Debug|x86
		{B0025F9A-0210-4DC4-8BC9-08698B68EDC2}.Debug|x86.Build.0 = Debug|x86
		{B0025F9A-0210-4DC4-8BC9-08698B68EDC2}.Debug|x86.Deploy.0 = Debug|x86
		{B0025F9A-0210-4DC4-8BC9-08698B68EDC2}.Release|Any CPU.ActiveCfg = Release|Any CPU
		{B0025F9A-0210-4DC4-8BC9-08698B68EDC2}.Release|Any CPU.Build.0 = Release|Any CPU
		{B0025F9A-0210-4DC4-8BC9-08698B68EDC2}.Release|Any CPU.Deploy.0 = Release|Any CPU
		{B0025F9A-0210-4DC4-8BC9-08698B68EDC2}.Release|ARM.ActiveCfg = Release|ARM
		{B0025F9A-0210-4DC4-8BC9-08698B68EDC2}.Release|ARM.Build.0 = Release|ARM
		{B0025F9A-0210-4DC4-8BC9-08698B68EDC2}.Release|ARM.Deploy.0 = Release|ARM
		{B0025F9A-0210-4DC4-8BC9-08698B68EDC2}.Release|iPhone.ActiveCfg = Release|Any CPU
		{B0025F9A-0210-4DC4-8BC9-08698B68EDC2}.Release|iPhone.Build.0 = Release|Any CPU
		{B0025F9A-0210-4DC4-8BC9-08698B68EDC2}.Release|iPhone.Deploy.0 = Release|Any CPU
		{B0025F9A-0210-4DC4-8BC9-08698B68EDC2}.Release|iPhoneSimulator.ActiveCfg = Release|Any CPU
		{B0025F9A-0210-4DC4-8BC9-08698B68EDC2}.Release|iPhoneSimulator.Build.0 = Release|Any CPU
		{B0025F9A-0210-4DC4-8BC9-08698B68EDC2}.Release|iPhoneSimulator.Deploy.0 = Release|Any CPU
		{B0025F9A-0210-4DC4-8BC9-08698B68EDC2}.Release|x64.ActiveCfg = Release|Any CPU
		{B0025F9A-0210-4DC4-8BC9-08698B68EDC2}.Release|x64.Build.0 = Release|Any CPU
		{B0025F9A-0210-4DC4-8BC9-08698B68EDC2}.Release|x64.Deploy.0 = Release|Any CPU
		{B0025F9A-0210-4DC4-8BC9-08698B68EDC2}.Release|x86.ActiveCfg = Release|x86
		{B0025F9A-0210-4DC4-8BC9-08698B68EDC2}.Release|x86.Build.0 = Release|x86
		{B0025F9A-0210-4DC4-8BC9-08698B68EDC2}.Release|x86.Deploy.0 = Release|x86
	EndGlobalSection
	GlobalSection(SolutionProperties) = preSolution
		HideSolutionNode = FALSE
	EndGlobalSection
EndGlobal
